// !$*UTF8*$!
{
	archiveVersion = 1;
	classes = {
	};
	objectVersion = 50;
	objects = {

/* Begin PBXBuildFile section */
		F163DED6257290C400849569 /* AppDelegate.swift in Sources */ = {isa = PBXBuildFile; fileRef = F163DED5257290C400849569 /* AppDelegate.swift */; };
		F163DEDF257290C800849569 /* Assets.xcassets in Resources */ = {isa = PBXBuildFile; fileRef = F163DEDE257290C800849569 /* Assets.xcassets */; };
		F163DEE2257290C800849569 /* LaunchScreen.storyboard in Resources */ = {isa = PBXBuildFile; fileRef = F163DEE0257290C800849569 /* LaunchScreen.storyboard */; };
		F163DEEB2572914A00849569 /* NFCManager.swift in Sources */ = {isa = PBXBuildFile; fileRef = F163DEEA2572914A00849569 /* NFCManager.swift */; };
		F163DEED257297F700849569 /* NFCError.swift in Sources */ = {isa = PBXBuildFile; fileRef = F163DEEC257297F700849569 /* NFCError.swift */; };
		F163DEEF2572980800849569 /* NFCAction.swift in Sources */ = {isa = PBXBuildFile; fileRef = F163DEEE2572980800849569 /* NFCAction.swift */; };
		F163DEF12572989200849569 /* Location.swift in Sources */ = {isa = PBXBuildFile; fileRef = F163DEF02572989200849569 /* Location.swift */; };
		F163DEF3257298B300849569 /* NFCManager+Action.swift in Sources */ = {isa = PBXBuildFile; fileRef = F163DEF2257298B300849569 /* NFCManager+Action.swift */; };
		F163DEF5257298FC00849569 /* NFCManager+Type.swift in Sources */ = {isa = PBXBuildFile; fileRef = F163DEF4257298FC00849569 /* NFCManager+Type.swift */; };
		F163DEF72572993700849569 /* NFCManager+Write.swift in Sources */ = {isa = PBXBuildFile; fileRef = F163DEF62572993700849569 /* NFCManager+Write.swift */; };
		F163DEF92572996700849569 /* NFCManager+Read.swift in Sources */ = {isa = PBXBuildFile; fileRef = F163DEF82572996700849569 /* NFCManager+Read.swift */; };
		F163DEFC25729D5500849569 /* Visitor.swift in Sources */ = {isa = PBXBuildFile; fileRef = F163DEFB25729D5500849569 /* Visitor.swift */; };
		F163DEFE2572B21B00849569 /* View.swift in Sources */ = {isa = PBXBuildFile; fileRef = F163DEFD2572B21B00849569 /* View.swift */; };
		F163DF002572B23000849569 /* ViewController.swift in Sources */ = {isa = PBXBuildFile; fileRef = F163DEFF2572B23000849569 /* ViewController.swift */; };
/* End PBXBuildFile section */

/* Begin PBXFileReference section */
		F163DED2257290C400849569 /* Tap.app */ = {isa = PBXFileReference; explicitFileType = wrapper.application; includeInIndex = 0; path = Tap.app; sourceTree = BUILT_PRODUCTS_DIR; };
		F163DED5257290C400849569 /* AppDelegate.swift */ = {isa = PBXFileReference; lastKnownFileType = sourcecode.swift; path = AppDelegate.swift; sourceTree = "<group>"; };
		F163DEDE257290C800849569 /* Assets.xcassets */ = {isa = PBXFileReference; lastKnownFileType = folder.assetcatalog; path = Assets.xcassets; sourceTree = "<group>"; };
		F163DEE1257290C800849569 /* Base */ = {isa = PBXFileReference; lastKnownFileType = file.storyboard; name = Base; path = Base.lproj/LaunchScreen.storyboard; sourceTree = "<group>"; };
		F163DEE3257290C800849569 /* Info.plist */ = {isa = PBXFileReference; lastKnownFileType = text.plist.xml; path = Info.plist; sourceTree = "<group>"; };
		F163DEEA2572914A00849569 /* NFCManager.swift */ = {isa = PBXFileReference; lastKnownFileType = sourcecode.swift; path = NFCManager.swift; sourceTree = "<group>"; };
		F163DEEC257297F700849569 /* NFCError.swift */ = {isa = PBXFileReference; lastKnownFileType = sourcecode.swift; path = NFCError.swift; sourceTree = "<group>"; };
		F163DEEE2572980800849569 /* NFCAction.swift */ = {isa = PBXFileReference; lastKnownFileType = sourcecode.swift; path = NFCAction.swift; sourceTree = "<group>"; };
		F163DEF02572989200849569 /* Location.swift */ = {isa = PBXFileReference; lastKnownFileType = sourcecode.swift; path = Location.swift; sourceTree = "<group>"; };
		F163DEF2257298B300849569 /* NFCManager+Action.swift */ = {isa = PBXFileReference; lastKnownFileType = sourcecode.swift; path = "NFCManager+Action.swift"; sourceTree = "<group>"; };
		F163DEF4257298FC00849569 /* NFCManager+Type.swift */ = {isa = PBXFileReference; lastKnownFileType = sourcecode.swift; path = "NFCManager+Type.swift"; sourceTree = "<group>"; };
		F163DEF62572993700849569 /* NFCManager+Write.swift */ = {isa = PBXFileReference; lastKnownFileType = sourcecode.swift; path = "NFCManager+Write.swift"; sourceTree = "<group>"; };
		F163DEF82572996700849569 /* NFCManager+Read.swift */ = {isa = PBXFileReference; lastKnownFileType = sourcecode.swift; path = "NFCManager+Read.swift"; sourceTree = "<group>"; };
		F163DEFB25729D5500849569 /* Visitor.swift */ = {isa = PBXFileReference; lastKnownFileType = sourcecode.swift; path = Visitor.swift; sourceTree = "<group>"; };
		F163DEFD2572B21B00849569 /* View.swift */ = {isa = PBXFileReference; lastKnownFileType = sourcecode.swift; path = View.swift; sourceTree = "<group>"; };
		F163DEFF2572B23000849569 /* ViewController.swift */ = {isa = PBXFileReference; lastKnownFileType = sourcecode.swift; path = ViewController.swift; sourceTree = "<group>"; };
/* End PBXFileReference section */

/* Begin PBXFrameworksBuildPhase section */
		F163DECF257290C400849569 /* Frameworks */ = {
			isa = PBXFrameworksBuildPhase;
			buildActionMask = 2147483647;
			files = (
			);
			runOnlyForDeploymentPostprocessing = 0;
		};
/* End PBXFrameworksBuildPhase section */

/* Begin PBXGroup section */
		F163DEC9257290C400849569 = {
			isa = PBXGroup;
			children = (
				F163DEE92572913C00849569 /* source */,
				F163DED4257290C400849569 /* Tap */,
				F163DED3257290C400849569 /* Products */,
			);
			sourceTree = "<group>";
		};
		F163DED3257290C400849569 /* Products */ = {
			isa = PBXGroup;
			children = (
				F163DED2257290C400849569 /* Tap.app */,
			);
			name = Products;
			sourceTree = "<group>";
		};
		F163DED4257290C400849569 /* Tap */ = {
			isa = PBXGroup;
			children = (
				F163DED5257290C400849569 /* AppDelegate.swift */,
				F163DEFF2572B23000849569 /* ViewController.swift */,
				F163DEFD2572B21B00849569 /* View.swift */,
				F163DEDE257290C800849569 /* Assets.xcassets */,
				F163DEE0257290C800849569 /* LaunchScreen.storyboard */,
				F163DEE3257290C800849569 /* Info.plist */,
			);
			path = Tap;
			sourceTree = "<group>";
		};
		F163DEE92572913C00849569 /* source */ = {
			isa = PBXGroup;
			children = (
				F163DEEA2572914A00849569 /* NFCManager.swift */,
				F163DEF2257298B300849569 /* NFCManager+Action.swift */,
				F163DEF82572996700849569 /* NFCManager+Read.swift */,
				F163DEF62572993700849569 /* NFCManager+Write.swift */,
				F163DEF4257298FC00849569 /* NFCManager+Type.swift */,
				F163DEFA257299F500849569 /* util */,
			);
			path = source;
			sourceTree = "<group>";
		};
		F163DEFA257299F500849569 /* util */ = {
			isa = PBXGroup;
			children = (
				F163DEEC257297F700849569 /* NFCError.swift */,
				F163DEEE2572980800849569 /* NFCAction.swift */,
				F163DEF02572989200849569 /* Location.swift */,
				F163DEFB25729D5500849569 /* Visitor.swift */,
			);
			path = util;
			sourceTree = "<group>";
		};
/* End PBXGroup section */

/* Begin PBXNativeTarget section */
		F163DED1257290C400849569 /* Tap */ = {
			isa = PBXNativeTarget;
			buildConfigurationList = F163DEE6257290C800849569 /* Build configuration list for PBXNativeTarget "Tap" */;
			buildPhases = (
				F163DECE257290C400849569 /* Sources */,
				F163DECF257290C400849569 /* Frameworks */,
				F163DED0257290C400849569 /* Resources */,
			);
			buildRules = (
			);
			dependencies = (
			);
			name = Tap;
			productName = Tap;
			productReference = F163DED2257290C400849569 /* Tap.app */;
			productType = "com.apple.product-type.application";
		};
/* End PBXNativeTarget section */

/* Begin PBXProject section */
		F163DECA257290C400849569 /* Project object */ = {
			isa = PBXProject;
			attributes = {
				LastSwiftUpdateCheck = 1160;
				LastUpgradeCheck = 1160;
				ORGANIZATIONNAME = Passguard;
				TargetAttributes = {
					F163DED1257290C400849569 = {
						CreatedOnToolsVersion = 11.6;
					};
				};
			};
			buildConfigurationList = F163DECD257290C400849569 /* Build configuration list for PBXProject "Tap" */;
			compatibilityVersion = "Xcode 9.3";
			developmentRegion = en;
			hasScannedForEncodings = 0;
			knownRegions = (
				en,
				Base,
			);
			mainGroup = F163DEC9257290C400849569;
			productRefGroup = F163DED3257290C400849569 /* Products */;
			projectDirPath = "";
			projectRoot = "";
			targets = (
				F163DED1257290C400849569 /* Tap */,
			);
		};
/* End PBXProject section */

/* Begin PBXResourcesBuildPhase section */
		F163DED0257290C400849569 /* Resources */ = {
			isa = PBXResourcesBuildPhase;
			buildActionMask = 2147483647;
			files = (
				F163DEE2257290C800849569 /* LaunchScreen.storyboard in Resources */,
				F163DEDF257290C800849569 /* Assets.xcassets in Resources */,
			);
			runOnlyForDeploymentPostprocessing = 0;
		};
/* End PBXResourcesBuildPhase section */

/* Begin PBXSourcesBuildPhase section */
		F163DECE257290C400849569 /* Sources */ = {
			isa = PBXSourcesBuildPhase;
			buildActionMask = 2147483647;
			files = (
				F163DEF5257298FC00849569 /* NFCManager+Type.swift in Sources */,
				F163DEF72572993700849569 /* NFCManager+Write.swift in Sources */,
				F163DED6257290C400849569 /* AppDelegate.swift in Sources */,
				F163DEED257297F700849569 /* NFCError.swift in Sources */,
				F163DEF92572996700849569 /* NFCManager+Read.swift in Sources */,
				F163DEF12572989200849569 /* Location.swift in Sources */,
				F163DF002572B23000849569 /* ViewController.swift in Sources */,
				F163DEF3257298B300849569 /* NFCManager+Action.swift in Sources */,
				F163DEEB2572914A00849569 /* NFCManager.swift in Sources */,
				F163DEFC25729D5500849569 /* Visitor.swift in Sources */,
				F163DEFE2572B21B00849569 /* View.swift in Sources */,
				F163DEEF2572980800849569 /* NFCAction.swift in Sources */,
			);
			runOnlyForDeploymentPostprocessing = 0;
		};
/* End PBXSourcesBuildPhase section */

/* Begin PBXVariantGroup section */
		F163DEE0257290C800849569 /* LaunchScreen.storyboard */ = {
			isa = PBXVariantGroup;
			children = (
				F163DEE1257290C800849569 /* Base */,
			);
			name = LaunchScreen.storyboard;
			sourceTree = "<group>";
		};
/* End PBXVariantGroup section */

/* Begin XCBuildConfiguration section */
		F163DEE4257290C800849569 /* Debug */ = {
			isa = XCBuildConfiguration;
			buildSettings = {
				ALWAYS_SEARCH_USER_PATHS = NO;
				CLANG_ANALYZER_NONNULL = YES;
				CLANG_ANALYZER_NUMBER_OBJECT_CONVERSION = YES_AGGRESSIVE;
				CLANG_CXX_LANGUAGE_STANDARD = "gnu++14";
				CLANG_CXX_LIBRARY = "libc++";
				CLANG_ENABLE_MODULES = YES;
				CLANG_ENABLE_OBJC_ARC = YES;
				CLANG_ENABLE_OBJC_WEAK = YES;
				CLANG_WARN_BLOCK_CAPTURE_AUTORELEASING = YES;
				CLANG_WARN_BOOL_CONVERSION = YES;
				CLANG_WARN_COMMA = YES;
				CLANG_WARN_CONSTANT_CONVERSION = YES;
				CLANG_WARN_DEPRECATED_OBJC_IMPLEMENTATIONS = YES;
				CLANG_WARN_DIRECT_OBJC_ISA_USAGE = YES_ERROR;
				CLANG_WARN_DOCUMENTATION_COMMENTS = YES;
				CLANG_WARN_EMPTY_BODY = YES;
				CLANG_WARN_ENUM_CONVERSION = YES;
				CLANG_WARN_INFINITE_RECURSION = YES;
				CLANG_WARN_INT_CONVERSION = YES;
				CLANG_WARN_NON_LITERAL_NULL_CONVERSION = YES;
				CLANG_WARN_OBJC_IMPLICIT_RETAIN_SELF = YES;
				CLANG_WARN_OBJC_LITERAL_CONVERSION = YES;
				CLANG_WARN_OBJC_ROOT_CLASS = YES_ERROR;
				CLANG_WARN_RANGE_LOOP_ANALYSIS = YES;
				CLANG_WARN_STRICT_PROTOTYPES = YES;
				CLANG_WARN_SUSPICIOUS_MOVE = YES;
				CLANG_WARN_UNGUARDED_AVAILABILITY = YES_AGGRESSIVE;
				CLANG_WARN_UNREACHABLE_CODE = YES;
				CLANG_WARN__DUPLICATE_METHOD_MATCH = YES;
				COPY_PHASE_STRIP = NO;
				DEBUG_INFORMATION_FORMAT = dwarf;
				ENABLE_STRICT_OBJC_MSGSEND = YES;
				ENABLE_TESTABILITY = YES;
				GCC_C_LANGUAGE_STANDARD = gnu11;
				GCC_DYNAMIC_NO_PIC = NO;
				GCC_NO_COMMON_BLOCKS = YES;
				GCC_OPTIMIZATION_LEVEL = 0;
				GCC_PREPROCESSOR_DEFINITIONS = (
					"DEBUG=1",
					"$(inherited)",
				);
				GCC_WARN_64_TO_32_BIT_CONVERSION = YES;
				GCC_WARN_ABOUT_RETURN_TYPE = YES_ERROR;
				GCC_WARN_UNDECLARED_SELECTOR = YES;
				GCC_WARN_UNINITIALIZED_AUTOS = YES_AGGRESSIVE;
				GCC_WARN_UNUSED_FUNCTION = YES;
				GCC_WARN_UNUSED_VARIABLE = YES;
				IPHONEOS_DEPLOYMENT_TARGET = 13.6;
				MTL_ENABLE_DEBUG_INFO = INCLUDE_SOURCE;
				MTL_FAST_MATH = YES;
				ONLY_ACTIVE_ARCH = YES;
				SDKROOT = iphoneos;
				SWIFT_ACTIVE_COMPILATION_CONDITIONS = DEBUG;
				SWIFT_OPTIMIZATION_LEVEL = "-Onone";
			};
			name = Debug;
		};
		F163DEE5257290C800849569 /* Release */ = {
			isa = XCBuildConfiguration;
			buildSettings = {
				ALWAYS_SEARCH_USER_PATHS = NO;
				CLANG_ANALYZER_NONNULL = YES;
				CLANG_ANALYZER_NUMBER_OBJECT_CONVERSION = YES_AGGRESSIVE;
				CLANG_CXX_LANGUAGE_STANDARD = "gnu++14";
				CLANG_CXX_LIBRARY = "libc++";
				CLANG_ENABLE_MODULES = YES;
				CLANG_ENABLE_OBJC_ARC = YES;
				CLANG_ENABLE_OBJC_WEAK = YES;
				CLANG_WARN_BLOCK_CAPTURE_AUTORELEASING = YES;
				CLANG_WARN_BOOL_CONVERSION = YES;
				CLANG_WARN_COMMA = YES;
				CLANG_WARN_CONSTANT_CONVERSION = YES;
				CLANG_WARN_DEPRECATED_OBJC_IMPLEMENTATIONS = YES;
				CLANG_WARN_DIRECT_OBJC_ISA_USAGE = YES_ERROR;
				CLANG_WARN_DOCUMENTATION_COMMENTS = YES;
				CLANG_WARN_EMPTY_BODY = YES;
				CLANG_WARN_ENUM_CONVERSION = YES;
				CLANG_WARN_INFINITE_RECURSION = YES;
				CLANG_WARN_INT_CONVERSION = YES;
				CLANG_WARN_NON_LITERAL_NULL_CONVERSION = YES;
				CLANG_WARN_OBJC_IMPLICIT_RETAIN_SELF = YES;
				CLANG_WARN_OBJC_LITERAL_CONVERSION = YES;
				CLANG_WARN_OBJC_ROOT_CLASS = YES_ERROR;
				CLANG_WARN_RANGE_LOOP_ANALYSIS = YES;
				CLANG_WARN_STRICT_PROTOTYPES = YES;
				CLANG_WARN_SUSPICIOUS_MOVE = YES;
				CLANG_WARN_UNGUARDED_AVAILABILITY = YES_AGGRESSIVE;
				CLANG_WARN_UNREACHABLE_CODE = YES;
				CLANG_WARN__DUPLICATE_METHOD_MATCH = YES;
				COPY_PHASE_STRIP = NO;
				DEBUG_INFORMATION_FORMAT = "dwarf-with-dsym";
				ENABLE_NS_ASSERTIONS = NO;
				ENABLE_STRICT_OBJC_MSGSEND = YES;
				GCC_C_LANGUAGE_STANDARD = gnu11;
				GCC_NO_COMMON_BLOCKS = YES;
				GCC_WARN_64_TO_32_BIT_CONVERSION = YES;
				GCC_WARN_ABOUT_RETURN_TYPE = YES_ERROR;
				GCC_WARN_UNDECLARED_SELECTOR = YES;
				GCC_WARN_UNINITIALIZED_AUTOS = YES_AGGRESSIVE;
				GCC_WARN_UNUSED_FUNCTION = YES;
				GCC_WARN_UNUSED_VARIABLE = YES;
				IPHONEOS_DEPLOYMENT_TARGET = 13.6;
				MTL_ENABLE_DEBUG_INFO = NO;
				MTL_FAST_MATH = YES;
				SDKROOT = iphoneos;
				SWIFT_COMPILATION_MODE = wholemodule;
				SWIFT_OPTIMIZATION_LEVEL = "-O";
				VALIDATE_PRODUCT = YES;
			};
			name = Release;
		};
		F163DEE7257290C800849569 /* Debug */ = {
			isa = XCBuildConfiguration;
			buildSettings = {
				ASSETCATALOG_COMPILER_APPICON_NAME = AppIcon;
				CODE_SIGN_STYLE = Automatic;
				DEVELOPMENT_TEAM = B5CC9TD7P7;
				INFOPLIST_FILE = Tap/Info.plist;
				LD_RUNPATH_SEARCH_PATHS = (
					"$(inherited)",
					"@executable_path/Frameworks",
				);
				PRODUCT_BUNDLE_IDENTIFIER = app.passguard.Tap;
				PRODUCT_NAME = "$(TARGET_NAME)";
				SWIFT_VERSION = 5.0;
				TARGETED_DEVICE_FAMILY = "1,2";
			};
			name = Debug;
		};
		F163DEE8257290C800849569 /* Release */ = {
			isa = XCBuildConfiguration;
			buildSettings = {
				ASSETCATALOG_COMPILER_APPICON_NAME = AppIcon;
				CODE_SIGN_STYLE = Automatic;
				DEVELOPMENT_TEAM = B5CC9TD7P7;
				INFOPLIST_FILE = Tap/Info.plist;
				LD_RUNPATH_SEARCH_PATHS = (
					"$(inherited)",
					"@executable_path/Frameworks",
				);
				PRODUCT_BUNDLE_IDENTIFIER = app.passguard.Tap;
				PRODUCT_NAME = "$(TARGET_NAME)";
				SWIFT_VERSION = 5.0;
				TARGETED_DEVICE_FAMILY = "1,2";
			};
			name = Release;
		};
/* End XCBuildConfiguration section */

/* Begin XCConfigurationList section */
		F163DECD257290C400849569 /* Build configuration list for PBXProject "Tap" */ = {
			isa = XCConfigurationList;
			buildConfigurations = (
				F163DEE4257290C800849569 /* Debug */,
				F163DEE5257290C800849569 /* Release */,
			);
			defaultConfigurationIsVisible = 0;
			defaultConfigurationName = Release;
		};
		F163DEE6257290C800849569 /* Build configuration list for PBXNativeTarget "Tap" */ = {
			isa = XCConfigurationList;
			buildConfigurations = (
				F163DEE7257290C800849569 /* Debug */,
				F163DEE8257290C800849569 /* Release */,
			);
			defaultConfigurationIsVisible = 0;
			defaultConfigurationName = Release;
		};
/* End XCConfigurationList section */
	};
	rootObject = F163DECA257290C400849569 /* Project object */;
}
